<Solution>
  <Folder Name="/src/">
    <Project Path="src/SmartERP.API/SmartERP.API.csproj" />
    <Project Path="src/SmartERP.Application/SmartERP.Application.csproj" />
    <Project Path="src/SmartERP.Domain/SmartERP.Domain.csproj" />
    <Project Path="src/SmartERP.Infrastructure/SmartERP.Infrastructure.csproj" />
  </Folder>
</Solution>
